// !$*UTF8*$!
{
	archiveVersion = 1;
	classes = {
	};
	objectVersion = 46;
	objects = {

/* Begin PBXBuildFile section */
		8B0D5D8B1E1E88210009BE2F /* AppDelegate.swift in Sources */ = {isa = PBXBuildFile; fileRef = 8B0D5D8A1E1E88210009BE2F /* AppDelegate.swift */; };
		8B0D5D8D1E1E88210009BE2F /* ViewController.swift in Sources */ = {isa = PBXBuildFile; fileRef = 8B0D5D8C1E1E88210009BE2F /* ViewController.swift */; };
		8B0D5D901E1E88210009BE2F /* Main.storyboard in Resources */ = {isa = PBXBuildFile; fileRef = 8B0D5D8E1E1E88210009BE2F /* Main.storyboard */; };
		8B0D5D921E1E88210009BE2F /* Assets.xcassets in Resources */ = {isa = PBXBuildFile; fileRef = 8B0D5D911E1E88210009BE2F /* Assets.xcassets */; };
		8B0D5D951E1E88210009BE2F /* LaunchScreen.storyboard in Resources */ = {isa = PBXBuildFile; fileRef = 8B0D5D931E1E88210009BE2F /* LaunchScreen.storyboard */; };
/* End PBXBuildFile section */

/* Begin PBXFileReference section */
		8B0D5D871E1E88210009BE2F /* HellooooooWorld.app */ = {isa = PBXFileReference; explicitFileType = wrapper.application; includeInIndex = 0; path = HellooooooWorld.app; sourceTree = BUILT_PRODUCTS_DIR; };
		8B0D5D8A1E1E88210009BE2F /* AppDelegate.swift */ = {isa = PBXFileReference; lastKnownFileType = sourcecode.swift; path = AppDelegate.swift; sourceTree = "<group>"; };
		8B0D5D8C1E1E88210009BE2F /* ViewController.swift */ = {isa = PBXFileReference; lastKnownFileType = sourcecode.swift; path = ViewController.swift; sourceTree = "<group>"; };
		8B0D5D8F1E1E88210009BE2F /* Base */ = {isa = PBXFileReference; lastKnownFileType = file.storyboard; name = Base; path = Base.lproj/Main.storyboard; sourceTree = "<group>"; };
		8B0D5D911E1E88210009BE2F /* Assets.xcassets */ = {isa = PBXFileReference; lastKnownFileType = folder.assetcatalog; path = Assets.xcassets; sourceTree = "<group>"; };
		8B0D5D941E1E88210009BE2F /* Base */ = {isa = PBXFileReference; lastKnownFileType = file.storyboard; name = Base; path = Base.lproj/LaunchScreen.storyboard; sourceTree = "<group>"; };
		8B0D5D961E1E88210009BE2F /* Info.plist */ = {isa = PBXFileReference; lastKnownFileType = text.plist.xml; path = Info.plist; sourceTree = "<group>"; };
/* End PBXFileReference section */

/* Begin PBXFrameworksBuildPhase section */
		8B0D5D841E1E88210009BE2F /* Frameworks */ = {
			isa = PBXFrameworksBuildPhase;
			buildActionMask = 2147483647;
			files = (
			);
			runOnlyForDeploymentPostprocessing = 0;
		};
/* End PBXFrameworksBuildPhase section */

/* Begin PBXGroup section */
		8B0D5D7E1E1E88200009BE2F = {
			isa = PBXGroup;
			children = (
				8B0D5D891E1E88210009BE2F /* HellooooooWorld */,
				8B0D5D881E1E88210009BE2F /* Products */,
			);
			sourceTree = "<group>";
		};
		8B0D5D881E1E88210009BE2F /* Products */ = {
			isa = PBXGroup;
			children = (
				8B0D5D871E1E88210009BE2F /* HellooooooWorld.app */,
			);
			name = Products;
			sourceTree = "<group>";
		};
		8B0D5D891E1E88210009BE2F /* HellooooooWorld */ = {
			isa = PBXGroup;
			children = (
				8B0D5D8A1E1E88210009BE2F /* AppDelegate.swift */,
				8B0D5D8C1E1E88210009BE2F /* ViewController.swift */,
				8B0D5D8E1E1E88210009BE2F /* Main.storyboard */,
				8B0D5D911E1E88210009BE2F /* Assets.xcassets */,
				8B0D5D931E1E88210009BE2F /* LaunchScreen.storyboard */,
				8B0D5D961E1E88210009BE2F /* Info.plist */,
			);
			path = HellooooooWorld;
			sourceTree = "<group>";
		};
/* End PBXGroup section */

/* Begin PBXNativeTarget section */
		8B0D5D861E1E88210009BE2F /* HellooooooWorld */ = {
			isa = PBXNativeTarget;
			buildConfigurationList = 8B0D5D991E1E88210009BE2F /* Build configuration list for PBXNativeTarget "HellooooooWorld" */;
			buildPhases = (
				8B0D5D831E1E88210009BE2F /* Sources */,
				8B0D5D841E1E88210009BE2F /* Frameworks */,
				8B0D5D851E1E88210009BE2F /* Resources */,
			);
			buildRules = (
			);
			dependencies = (
			);
			name = HellooooooWorld;
			productName = HellooooooWorld;
			productReference = 8B0D5D871E1E88210009BE2F /* HellooooooWorld.app */;
			productType = "com.apple.product-type.application";
		};
/* End PBXNativeTarget section */

/* Begin PBXProject section */
		8B0D5D7F1E1E88200009BE2F /* Project object */ = {
			isa = PBXProject;
			attributes = {
				LastSwiftUpdateCheck = 0810;
				LastUpgradeCheck = 0810;
				ORGANIZATIONNAME = "Francely peralta";
				TargetAttributes = {
					8B0D5D861E1E88210009BE2F = {
						CreatedOnToolsVersion = 8.1;
						DevelopmentTeam = E2QJTN2SNG;
						ProvisioningStyle = Automatic;
					};
				};
			};
			buildConfigurationList = 8B0D5D821E1E88200009BE2F /* Build configuration list for PBXProject "HellooooooWorld" */;
			compatibilityVersion = "Xcode 3.2";
			developmentRegion = English;
			hasScannedForEncodings = 0;
			knownRegions = (
				en,
				Base,
			);
			mainGroup = 8B0D5D7E1E1E88200009BE2F;
			productRefGroup = 8B0D5D881E1E88210009BE2F /* Products */;
			projectDirPath = "";
			projectRoot = "";
			targets = (
				8B0D5D861E1E88210009BE2F /* HellooooooWorld */,
			);
		};
/* End PBXProject section */

/* Begin PBXResourcesBuildPhase section */
		8B0D5D851E1E88210009BE2F /* Resources */ = {
			isa = PBXResourcesBuildPhase;
			buildActionMask = 2147483647;
			files = (
				8B0D5D951E1E88210009BE2F /* LaunchScreen.storyboard in Resources */,
				8B0D5D921E1E88210009BE2F /* Assets.xcassets in Resources */,
				8B0D5D901E1E88210009BE2F /* Main.storyboard in Resources */,
			);
			runOnlyForDeploymentPostprocessing = 0;
		};
/* End PBXResourcesBuildPhase section */

/* Begin PBXSourcesBuildPhase section */
		8B0D5D831E1E88210009BE2F /* Sources */ = {
			isa = PBXSourcesBuildPhase;
			buildActionMask = 2147483647;
			files = (
				8B0D5D8D1E1E88210009BE2F /* ViewController.swift in Sources */,
				8B0D5D8B1E1E88210009BE2F /* AppDelegate.swift in Sources */,
			);
			runOnlyForDeploymentPostprocessing = 0;
		};
/* End PBXSourcesBuildPhase section */

/* Begin PBXVariantGroup section */
		8B0D5D8E1E1E88210009BE2F /* Main.storyboard */ = {
			isa = PBXVariantGroup;
			children = (
				8B0D5D8F1E1E88210009BE2F /* Base */,
			);
			name = Main.storyboard;
			sourceTree = "<group>";
		};
		8B0D5D931E1E88210009BE2F /* LaunchScreen.storyboard */ = {
			isa = PBXVariantGroup;
			children = (
				8B0D5D941E1E88210009BE2F /* Base */,
			);
			name = LaunchScreen.storyboard;
			sourceTree = "<group>";
		};
/* End PBXVariantGroup section */

/* Begin XCBuildConfiguration section */
		8B0D5D971E1E88210009BE2F /* Debug */ = {
			isa = XCBuildConfiguration;
			buildSettings = {
				ALWAYS_SEARCH_USER_PATHS = NO;
				CLANG_ANALYZER_NONNULL = YES;
				CLANG_CXX_LANGUAGE_STANDARD = "gnu++0x";
				CLANG_CXX_LIBRARY = "libc++";
				CLANG_ENABLE_MODULES = YES;
				CLANG_ENABLE_OBJC_ARC = YES;
				CLANG_WARN_BOOL_CONVERSION = YES;
				CLANG_WARN_CONSTANT_CONVERSION = YES;
				CLANG_WARN_DIRECT_OBJC_ISA_USAGE = YES_ERROR;
				CLANG_WARN_DOCUMENTATION_COMMENTS = YES;
				CLANG_WARN_EMPTY_BODY = YES;
				CLANG_WARN_ENUM_CONVERSION = YES;
				CLANG_WARN_INFINITE_RECURSION = YES;
				CLANG_WARN_INT_CONVERSION = YES;
				CLANG_WARN_OBJC_ROOT_CLASS = YES_ERROR;
				CLANG_WARN_SUSPICIOUS_MOVES = YES;
				CLANG_WARN_UNREACHABLE_CODE = YES;
				CLANG_WARN__DUPLICATE_METHOD_MATCH = YES;
				"CODE_SIGN_IDENTITY[sdk=iphoneos*]" = "iPhone Developer";
				COPY_PHASE_STRIP = NO;
				DEBUG_INFORMATION_FORMAT = dwarf;
				ENABLE_STRICT_OBJC_MSGSEND = YES;
				ENABLE_TESTABILITY = YES;
				GCC_C_LANGUAGE_STANDARD = gnu99;
				GCC_DYNAMIC_NO_PIC = NO;
				GCC_NO_COMMON_BLOCKS = YES;
				GCC_OPTIMIZATION_LEVEL = 0;
				GCC_PREPROCESSOR_DEFINITIONS = (
					"DEBUG=1",
					"$(inherited)",
				);
				GCC_WARN_64_TO_32_BIT_CONVERSION = YES;
				GCC_WARN_ABOUT_RETURN_TYPE = YES_ERROR;
				GCC_WARN_UNDECLARED_SELECTOR = YES;
				GCC_WARN_UNINITIALIZED_AUTOS = YES_AGGRESSIVE;
				GCC_WARN_UNUSED_FUNCTION = YES;
				GCC_WARN_UNUSED_VARIABLE = YES;
				IPHONEOS_DEPLOYMENT_TARGET = 10.1;
				MTL_ENABLE_DEBUG_INFO = YES;
				ONLY_ACTIVE_ARCH = YES;
				SDKROOT = iphoneos;
				SWIFT_ACTIVE_COMPILATION_CONDITIONS = DEBUG;
				SWIFT_OPTIMIZATION_LEVEL = "-Onone";
			};
			name = Debug;
		};
		8B0D5D981E1E88210009BE2F /* Release */ = {
			isa = XCBuildConfiguration;
			buildSettings = {
				ALWAYS_SEARCH_USER_PATHS = NO;
				CLANG_ANALYZER_NONNULL = YES;
				CLANG_CXX_LANGUAGE_STANDARD = "gnu++0x";
				CLANG_CXX_LIBRARY = "libc++";
				CLANG_ENABLE_MODULES = YES;
				CLANG_ENABLE_OBJC_ARC = YES;
				CLANG_WARN_BOOL_CONVERSION = YES;
				CLANG_WARN_CONSTANT_CONVERSION = YES;
				CLANG_WARN_DIRECT_OBJC_ISA_USAGE = YES_ERROR;
				CLANG_WARN_DOCUMENTATION_COMMENTS = YES;
				CLANG_WARN_EMPTY_BODY = YES;
				CLANG_WARN_ENUM_CONVERSION = YES;
				CLANG_WARN_INFINITE_RECURSION = YES;
				CLANG_WARN_INT_CONVERSION = YES;
				CLANG_WARN_OBJC_ROOT_CLASS = YES_ERROR;
				CLANG_WARN_SUSPICIOUS_MOVES = YES;
				CLANG_WARN_UNREACHABLE_CODE = YES;
				CLANG_WARN__DUPLICATE_METHOD_MATCH = YES;
				"CODE_SIGN_IDENTITY[sdk=iphoneos*]" = "iPhone Developer";
				COPY_PHASE_STRIP = NO;
				DEBUG_INFORMATION_FORMAT = "dwarf-with-dsym";
				ENABLE_NS_ASSERTIONS = NO;
				ENABLE_STRICT_OBJC_MSGSEND = YES;
				GCC_C_LANGUAGE_STANDARD = gnu99;
				GCC_NO_COMMON_BLOCKS = YES;
				GCC_WARN_64_TO_32_BIT_CONVERSION = YES;
				GCC_WARN_ABOUT_RETURN_TYPE = YES_ERROR;
				GCC_WARN_UNDECLARED_SELECTOR = YES;
				GCC_WARN_UNINITIALIZED_AUTOS = YES_AGGRESSIVE;
				GCC_WARN_UNUSED_FUNCTION = YES;
				GCC_WARN_UNUSED_VARIABLE = YES;
				IPHONEOS_DEPLOYMENT_TARGET = 10.1;
				MTL_ENABLE_DEBUG_INFO = NO;
				SDKROOT = iphoneos;
				SWIFT_OPTIMIZATION_LEVEL = "-Owholemodule";
				VALIDATE_PRODUCT = YES;
			};
			name = Release;
		};
		8B0D5D9A1E1E88210009BE2F /* Debug */ = {
			isa = XCBuildConfiguration;
			buildSettings = {
				ASSETCATALOG_COMPILER_APPICON_NAME = AppIcon;
				DEVELOPMENT_TEAM = E2QJTN2SNG;
				INFOPLIST_FILE = HellooooooWorld/Info.plist;
				LD_RUNPATH_SEARCH_PATHS = "$(inherited) @executable_path/Frameworks";
				PRODUCT_BUNDLE_IDENTIFIER = com.francelyp.HellooooooWorld;
				PRODUCT_NAME = "$(TARGET_NAME)";
				SWIFT_VERSION = 3.0;
			};
			name = Debug;
		};
		8B0D5D9B1E1E88210009BE2F /* Release */ = {
			isa = XCBuildConfiguration;
			buildSettings = {
				ASSETCATALOG_COMPILER_APPICON_NAME = AppIcon;
				DEVELOPMENT_TEAM = E2QJTN2SNG;
				INFOPLIST_FILE = HellooooooWorld/Info.plist;
				LD_RUNPATH_SEARCH_PATHS = "$(inherited) @executable_path/Frameworks";
				PRODUCT_BUNDLE_IDENTIFIER = com.francelyp.HellooooooWorld;
				PRODUCT_NAME = "$(TARGET_NAME)";
				SWIFT_VERSION = 3.0;
			};
			name = Release;
		};
/* End XCBuildConfiguration section */

/* Begin XCConfigurationList section */
		8B0D5D821E1E88200009BE2F /* Build configuration list for PBXProject "HellooooooWorld" */ = {
			isa = XCConfigurationList;
			buildConfigurations = (
				8B0D5D971E1E88210009BE2F /* Debug */,
				8B0D5D981E1E88210009BE2F /* Release */,
			);
			defaultConfigurationIsVisible = 0;
			defaultConfigurationName = Release;
		};
		8B0D5D991E1E88210009BE2F /* Build configuration list for PBXNativeTarget "HellooooooWorld" */ = {
			isa = XCConfigurationList;
			buildConfigurations = (
				8B0D5D9A1E1E88210009BE2F /* Debug */,
				8B0D5D9B1E1E88210009BE2F /* Release */,
			);
			defaultConfigurationIsVisible = 0;
		};
/* End XCConfigurationList section */
	};
	rootObject = 8B0D5D7F1E1E88200009BE2F /* Project object */;
}
